{
  "name": "docs",
  "version": "0.1.0",
  "lockfileVersion": 2,
  "requires": true,
  "packages": {
    "": {
      "version": "0.1.0",
      "dependencies": {
        "vuepress-theme-api": "file:.."
      }
    },
    "..": {
      "version": "1.0.0-beta.9",
      "license": "MIT",
      "dependencies": {
        "@vuepress/plugin-active-header-links": "~1.8.2",
        "@vuepress/plugin-last-updated": "~1.8.2",
        "axios": "~0.21.1",
        "vuepress-plugin-define": "~1.1.1"
      },
      "devDependencies": {
        "@vue/eslint-config-prettier": "~6.0.0",
        "babel-eslint": "~10.1.0",
        "eslint": "~6.8.0",
        "eslint-plugin-prettier": "~3.1.3",
        "eslint-plugin-vue": "~6.2.2",
        "gh-pages": "~3.1.0",
        "prettier": "~2.2.1",
        "vuepress": "~1.8.2"
      }
    },
    "node_modules/vuepress-theme-api": {
      "resolved": "..",
      "link": true
    }
  },
  "dependencies": {
    "vuepress-theme-api": {
      "version": "file:..",
      "requires": {
        "@vue/eslint-config-prettier": "~6.0.0",
        "@vuepress/plugin-active-header-links": "~1.8.2",
        "@vuepress/plugin-last-updated": "~1.8.2",
        "axios": "~0.21.1",
        "babel-eslint": "~10.1.0",
        "eslint": "~6.8.0",
        "eslint-plugin-prettier": "~3.1.3",
        "eslint-plugin-vue": "~6.2.2",
        "gh-pages": "~3.1.0",
        "prettier": "~2.2.1",
        "vuepress": "~1.8.2",
        "vuepress-plugin-define": "~1.1.1"
      }
    }
  }
}
